
Microsoft Visual Studio Solution File, Format Version 12.00
# Visual Studio Version 16
VisualStudioVersion = 16.0.30717.126
MinimumVisualStudioVersion = 10.0.40219.1
Project("{FAE04EC0-301F-11D3-BF4B-00C04F79EFBC}") = "TopeyPay", "TopeyPay.API\TopeyPay.csproj", "{870A26A9-C4B0-4B9F-8A1E-B2E942CFC468}"
EndProject
Project("{FAE04EC0-301F-11D3-BF4B-00C04F79EFBC}") = "TopeyPay.Domain", "TopeyPay.DomainLayer\TopeyPay.Domain.csproj", "{C83708E7-0A9F-4393-8971-F21D2DD1BE97}"
EndProject
Project("{FAE04EC0-301F-11D3-BF4B-00C04F79EFBC}") = "TopeyPay.Infrastructure", "TopeyPay.InfrastructureLayer\TopeyPay.Infrastructure.csproj", "{7C7EFB34-A872-43A0-872B-E1782709DE10}"
EndProject
Project("{FAE04EC0-301F-11D3-BF4B-00C04F79EFBC}") = "TopeyPay.Http", "TopeyPay.Http\TopeyPay.Http.csproj", "{8145C5B0-797F-4772-B29D-2DCF23D058F8}"
EndProject
Project("{FAE04EC0-301F-11D3-BF4B-00C04F79EFBC}") = "TopeyPay.Shared", "TopeyPay.Shared\TopeyPay.Shared.csproj", "{C8894AC4-C59E-4A83-840B-C8EB891F4DE4}"
EndProject
Global
	GlobalSection(SolutionConfigurationPlatforms) = preSolution
		Debug|Any CPU = Debug|Any CPU
		Release|Any CPU = Release|Any CPU
	EndGlobalSection
	GlobalSection(ProjectConfigurationPlatforms) = postSolution
		{870A26A9-C4B0-4B9F-8A1E-B2E942CFC468}.Debug|Any CPU.ActiveCfg = Debug|Any CPU
		{870A26A9-C4B0-4B9F-8A1E-B2E942CFC468}.Debug|Any CPU.Build.0 = Debug|Any CPU
		{870A26A9-C4B0-4B9F-8A1E-B2E942CFC468}.Release|Any CPU.ActiveCfg = Release|Any CPU
		{870A26A9-C4B0-4B9F-8A1E-B2E942CFC468}.Release|Any CPU.Build.0 = Release|Any CPU
		{C83708E7-0A9F-4393-8971-F21D2DD1BE97}.Debug|Any CPU.ActiveCfg = Debug|Any CPU
		{C83708E7-0A9F-4393-8971-F21D2DD1BE97}.Debug|Any CPU.Build.0 = Debug|Any CPU
		{C83708E7-0A9F-4393-8971-F21D2DD1BE97}.Release|Any CPU.ActiveCfg = Release|Any CPU
		{C83708E7-0A9F-4393-8971-F21D2DD1BE97}.Release|Any CPU.Build.0 = Release|Any CPU
		{7C7EFB34-A872-43A0-872B-E1782709DE10}.Debug|Any CPU.ActiveCfg = Debug|Any CPU
		{7C7EFB34-A872-43A0-872B-E1782709DE10}.Debug|Any CPU.Build.0 = Debug|Any CPU
		{7C7EFB34-A872-43A0-872B-E1782709DE10}.Release|Any CPU.ActiveCfg = Release|Any CPU
		{7C7EFB34-A872-43A0-872B-E1782709DE10}.Release|Any CPU.Build.0 = Release|Any CPU
		{8145C5B0-797F-4772-B29D-2DCF23D058F8}.Debug|Any CPU.ActiveCfg = Debug|Any CPU
		{8145C5B0-797F-4772-B29D-2DCF23D058F8}.Debug|Any CPU.Build.0 = Debug|Any CPU
		{8145C5B0-797F-4772-B29D-2DCF23D058F8}.Release|Any CPU.ActiveCfg = Release|Any CPU
		{8145C5B0-797F-4772-B29D-2DCF23D058F8}.Release|Any CPU.Build.0 = Release|Any CPU
		{C8894AC4-C59E-4A83-840B-C8EB891F4DE4}.Debug|Any CPU.ActiveCfg = Debug|Any CPU
		{C8894AC4-C59E-4A83-840B-C8EB891F4DE4}.Debug|Any CPU.Build.0 = Debug|Any CPU
		{C8894AC4-C59E-4A83-840B-C8EB891F4DE4}.Release|Any CPU.ActiveCfg = Release|Any CPU
		{C8894AC4-C59E-4A83-840B-C8EB891F4DE4}.Release|Any CPU.Build.0 = Release|Any CPU
	EndGlobalSection
	GlobalSection(SolutionProperties) = preSolution
		HideSolutionNode = FALSE
	EndGlobalSection
	GlobalSection(ExtensibilityGlobals) = postSolution
		SolutionGuid = {8CF00009-3D33-4932-AA9A-13F7E8484C0E}
	EndGlobalSection
EndGlobal
